
Microsoft Visual Studio Solution File, Format Version 12.00
# Visual Studio Version 16
VisualStudioVersion = 16.0.31005.135
MinimumVisualStudioVersion = 10.0.40219.1
Project("{9A19103F-16F7-4668-BE54-9A1E7A4F7556}") = "OOP1", "OOP1.csproj", "{B6B72A38-527D-408D-B394-3D1823DCD557}"
EndProject
Project("{FAE04EC0-301F-11D3-BF4B-00C04F79EFBC}") = "Koleksiyonlar", "..\Koleksiyonlar\Koleksiyonlar.csproj", "{D8D65599-EA36-4530-9C00-D632130D5B84}"
EndProject
Project("{FAE04EC0-301F-11D3-BF4B-00C04F79EFBC}") = "GenericIntro", "..\GenericIntro\GenericIntro.csproj", "{48DA63A6-CB93-4718-B539-249DD9DB9F2E}"
EndProject
Global
	GlobalSection(SolutionConfigurationPlatforms) = preSolution
		Debug|Any CPU = Debug|Any CPU
		Release|Any CPU = Release|Any CPU
	EndGlobalSection
	GlobalSection(ProjectConfigurationPlatforms) = postSolution
		{B6B72A38-527D-408D-B394-3D1823DCD557}.Debug|Any CPU.ActiveCfg = Debug|Any CPU
		{B6B72A38-527D-408D-B394-3D1823DCD557}.Debug|Any CPU.Build.0 = Debug|Any CPU
		{B6B72A38-527D-408D-B394-3D1823DCD557}.Release|Any CPU.ActiveCfg = Release|Any CPU
		{B6B72A38-527D-408D-B394-3D1823DCD557}.Release|Any CPU.Build.0 = Release|Any CPU
		{D8D65599-EA36-4530-9C00-D632130D5B84}.Debug|Any CPU.ActiveCfg = Debug|Any CPU
		{D8D65599-EA36-4530-9C00-D632130D5B84}.Debug|Any CPU.Build.0 = Debug|Any CPU
		{D8D65599-EA36-4530-9C00-D632130D5B84}.Release|Any CPU.ActiveCfg = Release|Any CPU
		{D8D65599-EA36-4530-9C00-D632130D5B84}.Release|Any CPU.Build.0 = Release|Any CPU
		{48DA63A6-CB93-4718-B539-249DD9DB9F2E}.Debug|Any CPU.ActiveCfg = Debug|Any CPU
		{48DA63A6-CB93-4718-B539-249DD9DB9F2E}.Debug|Any CPU.Build.0 = Debug|Any CPU
		{48DA63A6-CB93-4718-B539-249DD9DB9F2E}.Release|Any CPU.ActiveCfg = Release|Any CPU
		{48DA63A6-CB93-4718-B539-249DD9DB9F2E}.Release|Any CPU.Build.0 = Release|Any CPU
	EndGlobalSection
	GlobalSection(SolutionProperties) = preSolution
		HideSolutionNode = FALSE
	EndGlobalSection
	GlobalSection(ExtensibilityGlobals) = postSolution
		SolutionGuid = {E66DD188-9CAD-45DC-90CE-BEC6E4843D22}
	EndGlobalSection
EndGlobal
